
Microsoft Visual Studio Solution File, Format Version 12.00
# Visual Studio Version 17
VisualStudioVersion = 17.3.32922.545
MinimumVisualStudioVersion = 10.0.40219.1
Project("{9A19103F-16F7-4668-BE54-9A1E7A4F7556}") = "Structures", "Structures\Structures.csproj", "{2B910893-F7FF-4619-9DD1-D600843B45E3}"
EndProject
Project("{9A19103F-16F7-4668-BE54-9A1E7A4F7556}") = "SemestralThesisOne", "SemestralThesisOne\SemestralThesisOne.csproj", "{A0EA6B31-1348-4B76-9D80-B3E3E62E409B}"
EndProject
Project("{9A19103F-16F7-4668-BE54-9A1E7A4F7556}") = "TestStructures", "TestStructures\TestStructures.csproj", "{FF24969A-1535-4C85-ABC3-7620FD605D29}"
EndProject
Global
	GlobalSection(SolutionConfigurationPlatforms) = preSolution
		Debug|Any CPU = Debug|Any CPU
		Release|Any CPU = Release|Any CPU
	EndGlobalSection
	GlobalSection(ProjectConfigurationPlatforms) = postSolution
		{2B910893-F7FF-4619-9DD1-D600843B45E3}.Debug|Any CPU.ActiveCfg = Debug|Any CPU
		{2B910893-F7FF-4619-9DD1-D600843B45E3}.Debug|Any CPU.Build.0 = Debug|Any CPU
		{2B910893-F7FF-4619-9DD1-D600843B45E3}.Release|Any CPU.ActiveCfg = Release|Any CPU
		{2B910893-F7FF-4619-9DD1-D600843B45E3}.Release|Any CPU.Build.0 = Release|Any CPU
		{A0EA6B31-1348-4B76-9D80-B3E3E62E409B}.Debug|Any CPU.ActiveCfg = Debug|Any CPU
		{A0EA6B31-1348-4B76-9D80-B3E3E62E409B}.Debug|Any CPU.Build.0 = Debug|Any CPU
		{A0EA6B31-1348-4B76-9D80-B3E3E62E409B}.Release|Any CPU.ActiveCfg = Release|Any CPU
		{A0EA6B31-1348-4B76-9D80-B3E3E62E409B}.Release|Any CPU.Build.0 = Release|Any CPU
		{FF24969A-1535-4C85-ABC3-7620FD605D29}.Debug|Any CPU.ActiveCfg = Debug|Any CPU
		{FF24969A-1535-4C85-ABC3-7620FD605D29}.Debug|Any CPU.Build.0 = Debug|Any CPU
		{FF24969A-1535-4C85-ABC3-7620FD605D29}.Release|Any CPU.ActiveCfg = Release|Any CPU
		{FF24969A-1535-4C85-ABC3-7620FD605D29}.Release|Any CPU.Build.0 = Release|Any CPU
	EndGlobalSection
	GlobalSection(SolutionProperties) = preSolution
		HideSolutionNode = FALSE
	EndGlobalSection
	GlobalSection(ExtensibilityGlobals) = postSolution
		SolutionGuid = {4AB38095-3D83-4D61-9510-E8A81CBE5024}
	EndGlobalSection
EndGlobal
