
Microsoft Visual Studio Solution File, Format Version 12.00
# Visual Studio Version 17
VisualStudioVersion = 17.3.32922.545
MinimumVisualStudioVersion = 10.0.40219.1
Project("{9A19103F-16F7-4668-BE54-9A1E7A4F7556}") = "Structures", "Structures\Structures.csproj", "{2B910893-F7FF-4619-9DD1-D600843B45E3}"
EndProject
Project("{9A19103F-16F7-4668-BE54-9A1E7A4F7556}") = "SemestralnaPraca1", "SemestralnaPraca1\SemestralnaPraca1.csproj", "{17BA6B7B-6CD6-4673-B1EA-0ED0407EC7A9}"
EndProject
Project("{FAE04EC0-301F-11D3-BF4B-00C04F79EFBC}") = "TestStructures", "TestStructures\TestStructures.csproj", "{2204FE9C-EBC0-49EE-AAF1-BB714B0A8161}"
EndProject
Global
	GlobalSection(SolutionConfigurationPlatforms) = preSolution
		Debug|Any CPU = Debug|Any CPU
		Release|Any CPU = Release|Any CPU
	EndGlobalSection
	GlobalSection(ProjectConfigurationPlatforms) = postSolution
		{2B910893-F7FF-4619-9DD1-D600843B45E3}.Debug|Any CPU.ActiveCfg = Debug|Any CPU
		{2B910893-F7FF-4619-9DD1-D600843B45E3}.Debug|Any CPU.Build.0 = Debug|Any CPU
		{2B910893-F7FF-4619-9DD1-D600843B45E3}.Release|Any CPU.ActiveCfg = Release|Any CPU
		{2B910893-F7FF-4619-9DD1-D600843B45E3}.Release|Any CPU.Build.0 = Release|Any CPU
		{17BA6B7B-6CD6-4673-B1EA-0ED0407EC7A9}.Debug|Any CPU.ActiveCfg = Debug|Any CPU
		{17BA6B7B-6CD6-4673-B1EA-0ED0407EC7A9}.Debug|Any CPU.Build.0 = Debug|Any CPU
		{17BA6B7B-6CD6-4673-B1EA-0ED0407EC7A9}.Debug|Any CPU.Deploy.0 = Debug|Any CPU
		{17BA6B7B-6CD6-4673-B1EA-0ED0407EC7A9}.Release|Any CPU.ActiveCfg = Release|Any CPU
		{17BA6B7B-6CD6-4673-B1EA-0ED0407EC7A9}.Release|Any CPU.Build.0 = Release|Any CPU
		{17BA6B7B-6CD6-4673-B1EA-0ED0407EC7A9}.Release|Any CPU.Deploy.0 = Release|Any CPU
		{2204FE9C-EBC0-49EE-AAF1-BB714B0A8161}.Debug|Any CPU.ActiveCfg = Debug|Any CPU
		{2204FE9C-EBC0-49EE-AAF1-BB714B0A8161}.Debug|Any CPU.Build.0 = Debug|Any CPU
		{2204FE9C-EBC0-49EE-AAF1-BB714B0A8161}.Release|Any CPU.ActiveCfg = Release|Any CPU
		{2204FE9C-EBC0-49EE-AAF1-BB714B0A8161}.Release|Any CPU.Build.0 = Release|Any CPU
	EndGlobalSection
	GlobalSection(SolutionProperties) = preSolution
		HideSolutionNode = FALSE
	EndGlobalSection
	GlobalSection(ExtensibilityGlobals) = postSolution
		SolutionGuid = {4AB38095-3D83-4D61-9510-E8A81CBE5024}
	EndGlobalSection
EndGlobal
